
Microsoft Visual Studio Solution File, Format Version 12.00
# Visual Studio 15
VisualStudioVersion = 15.0.28010.2019
MinimumVisualStudioVersion = 10.0.40219.1
Project("{8BC9CEB8-8B4A-11D0-8D11-00A0C91BC942}") = "LabProject", "LabProject\LabProject.vcxproj", "{EE18299B-05F9-4236-8D11-55BEA6E6E8FE}"
EndProject
Project("{8BC9CEB8-8B4A-11D0-8D11-00A0C91BC942}") = "WindowsProject1", "WindowsProject1\WindowsProject1.vcxproj", "{6DB9837B-3B6D-49C2-BC48-D4627429F8C2}"
EndProject
Project("{8BC9CEB8-8B4A-11D0-8D11-00A0C91BC942}") = "WindowsProject2", "WindowsProject2\WindowsProject2.vcxproj", "{08EB89EF-D014-474D-8C48-2B6C28D2C08A}"
EndProject
Global
	GlobalSection(SolutionConfigurationPlatforms) = preSolution
		Debug|Win32 = Debug|Win32
		Debug|x64 = Debug|x64
		Release|Win32 = Release|Win32
		Release|x64 = Release|x64
	EndGlobalSection
	GlobalSection(ProjectConfigurationPlatforms) = postSolution
		{EE18299B-05F9-4236-8D11-55BEA6E6E8FE}.Debug|Win32.ActiveCfg = Debug|Win32
		{EE18299B-05F9-4236-8D11-55BEA6E6E8FE}.Debug|Win32.Build.0 = Debug|Win32
		{EE18299B-05F9-4236-8D11-55BEA6E6E8FE}.Debug|x64.ActiveCfg = Debug|Win32
		{EE18299B-05F9-4236-8D11-55BEA6E6E8FE}.Release|Win32.ActiveCfg = Release|Win32
		{EE18299B-05F9-4236-8D11-55BEA6E6E8FE}.Release|Win32.Build.0 = Release|Win32
		{EE18299B-05F9-4236-8D11-55BEA6E6E8FE}.Release|x64.ActiveCfg = Release|Win32
		{6DB9837B-3B6D-49C2-BC48-D4627429F8C2}.Debug|Win32.ActiveCfg = Debug|Win32
		{6DB9837B-3B6D-49C2-BC48-D4627429F8C2}.Debug|Win32.Build.0 = Debug|Win32
		{6DB9837B-3B6D-49C2-BC48-D4627429F8C2}.Debug|x64.ActiveCfg = Debug|x64
		{6DB9837B-3B6D-49C2-BC48-D4627429F8C2}.Debug|x64.Build.0 = Debug|x64
		{6DB9837B-3B6D-49C2-BC48-D4627429F8C2}.Release|Win32.ActiveCfg = Release|Win32
		{6DB9837B-3B6D-49C2-BC48-D4627429F8C2}.Release|Win32.Build.0 = Release|Win32
		{6DB9837B-3B6D-49C2-BC48-D4627429F8C2}.Release|x64.ActiveCfg = Release|x64
		{6DB9837B-3B6D-49C2-BC48-D4627429F8C2}.Release|x64.Build.0 = Release|x64
		{08EB89EF-D014-474D-8C48-2B6C28D2C08A}.Debug|Win32.ActiveCfg = Debug|Win32
		{08EB89EF-D014-474D-8C48-2B6C28D2C08A}.Debug|Win32.Build.0 = Debug|Win32
		{08EB89EF-D014-474D-8C48-2B6C28D2C08A}.Debug|x64.ActiveCfg = Debug|x64
		{08EB89EF-D014-474D-8C48-2B6C28D2C08A}.Debug|x64.Build.0 = Debug|x64
		{08EB89EF-D014-474D-8C48-2B6C28D2C08A}.Release|Win32.ActiveCfg = Release|Win32
		{08EB89EF-D014-474D-8C48-2B6C28D2C08A}.Release|Win32.Build.0 = Release|Win32
		{08EB89EF-D014-474D-8C48-2B6C28D2C08A}.Release|x64.ActiveCfg = Release|x64
		{08EB89EF-D014-474D-8C48-2B6C28D2C08A}.Release|x64.Build.0 = Release|x64
	EndGlobalSection
	GlobalSection(SolutionProperties) = preSolution
		HideSolutionNode = FALSE
	EndGlobalSection
	GlobalSection(ExtensibilityGlobals) = postSolution
		SolutionGuid = {E1BB64FB-699A-404D-884F-A1551AB20596}
	EndGlobalSection
EndGlobal
